
Microsoft Visual Studio Solution File, Format Version 12.00
# Visual Studio Version 16
VisualStudioVersion = 16.0.35425.106
MinimumVisualStudioVersion = 10.0.40219.1
Project("{FAE04EC0-301F-11D3-BF4B-00C04F79EFBC}") = "WebWorldPizza", "WebWorldPizza\WebWorldPizza.csproj", "{55EFAA0D-6E5E-4976-8341-E1566101CC5D}"
	ProjectSection(ProjectDependencies) = postProject
		{2CE4E855-3CF4-440D-8E52-2886007EA863} = {2CE4E855-3CF4-440D-8E52-2886007EA863}
	EndProjectSection
EndProject
Project("{FAE04EC0-301F-11D3-BF4B-00C04F79EFBC}") = "WSWorldPizza", "WSWorldPizza\WSWorldPizza.csproj", "{2CE4E855-3CF4-440D-8E52-2886007EA863}"
EndProject
Global
	GlobalSection(SolutionConfigurationPlatforms) = preSolution
		Debug|Any CPU = Debug|Any CPU
		Release|Any CPU = Release|Any CPU
	EndGlobalSection
	GlobalSection(ProjectConfigurationPlatforms) = postSolution
		{55EFAA0D-6E5E-4976-8341-E1566101CC5D}.Debug|Any CPU.ActiveCfg = Debug|Any CPU
		{55EFAA0D-6E5E-4976-8341-E1566101CC5D}.Debug|Any CPU.Build.0 = Debug|Any CPU
		{55EFAA0D-6E5E-4976-8341-E1566101CC5D}.Release|Any CPU.ActiveCfg = Release|Any CPU
		{55EFAA0D-6E5E-4976-8341-E1566101CC5D}.Release|Any CPU.Build.0 = Release|Any CPU
		{2CE4E855-3CF4-440D-8E52-2886007EA863}.Debug|Any CPU.ActiveCfg = Debug|Any CPU
		{2CE4E855-3CF4-440D-8E52-2886007EA863}.Debug|Any CPU.Build.0 = Debug|Any CPU
		{2CE4E855-3CF4-440D-8E52-2886007EA863}.Release|Any CPU.ActiveCfg = Release|Any CPU
		{2CE4E855-3CF4-440D-8E52-2886007EA863}.Release|Any CPU.Build.0 = Release|Any CPU
	EndGlobalSection
	GlobalSection(SolutionProperties) = preSolution
		HideSolutionNode = FALSE
	EndGlobalSection
	GlobalSection(ExtensibilityGlobals) = postSolution
		SolutionGuid = {8F150DB6-2E50-463B-B927-EC1BADC47463}
	EndGlobalSection
EndGlobal
